{
  "name": "web",
  "version": "0.1.0",
  "lockfileVersion": 1,
  "requires": true,
  "dependencies": {
    "adler-32": {
      "version": "1.2.0",
      "resolved": "https://registry.npmjs.org/adler-32/-/adler-32-1.2.0.tgz",
      "integrity": "sha1-aj5r8KY5ALoVZSgIyxXGgT0aXyU=",
      "requires": {
        "exit-on-epipe": "1.0.1",
        "printj": "1.1.1"
      }
    },
    "cfb": {
      "version": "1.0.2",
      "resolved": "https://registry.npmjs.org/cfb/-/cfb-1.0.2.tgz",
      "integrity": "sha1-9R2bvltdHnVwBYHWgiLy70bsIUI=",
      "requires": {
        "commander": "2.13.0",
        "printj": "1.1.1"
      }
    },
    "codepage": {
      "version": "1.12.0",
      "resolved": "https://registry.npmjs.org/codepage/-/codepage-1.12.0.tgz",
      "integrity": "sha512-D5theGKN/IpxSyf53b1AgOhU9oantgFjmm0NHhkE/HNEWAT88epkRA/+No21zlSfa1e/kAySASEsMqQ9vdaM3Q==",
      "requires": {
        "commander": "2.11.0",
        "exit-on-epipe": "1.0.1",
        "voc": "1.0.0"
      },
      "dependencies": {
        "commander": {
          "version": "2.11.0",
          "resolved": "https://registry.npmjs.org/commander/-/commander-2.11.0.tgz",
          "integrity": "sha512-b0553uYA5YAEGgyYIGYROzKQ7X5RAqedkfjiZxwi0kL1g3bOaBNNZfYkzt/CL0umgD5wc9Jec2FbB98CjkMRvQ=="
        }
      }
    },
    "commander": {
      "version": "2.13.0",
      "resolved": "https://registry.npmjs.org/commander/-/commander-2.13.0.tgz",
      "integrity": "sha512-MVuS359B+YzaWqjCL/c+22gfryv+mCBPHAv3zyVI2GN8EY6IRP8VwtasXn8jyyhvvq84R4ImN1OKRtcbIasjYA=="
    },
    "crc-32": {
      "version": "1.2.0",
      "resolved": "https://registry.npmjs.org/crc-32/-/crc-32-1.2.0.tgz",
      "integrity": "sha512-1uBwHxF+Y/4yF5G48fwnKq6QsIXheor3ZLPT80yGBV1oEUwpPojlEhQbWKVw1VwcTQyMGHK1/XMmTjmlsmTTGA==",
      "requires": {
        "exit-on-epipe": "1.0.1",
        "printj": "1.1.1"
      }
    },
    "exit-on-epipe": {
      "version": "1.0.1",
      "resolved": "https://registry.npmjs.org/exit-on-epipe/-/exit-on-epipe-1.0.1.tgz",
      "integrity": "sha512-h2z5mrROTxce56S+pnvAV890uu7ls7f1kEvVGJbw1OlFH3/mlJ5bkXu0KRyW94v37zzHPiUd55iLn3DA7TjWpw=="
    },
    "file-saver": {
      "version": "1.3.3",
      "resolved": "https://registry.npmjs.org/file-saver/-/file-saver-1.3.3.tgz",
      "integrity": "sha1-zdTETTqiZOrC9o7BZbx5HDSvEjI="
    },
    "frac": {
      "version": "1.1.1",
      "resolved": "https://registry.npmjs.org/frac/-/frac-1.1.1.tgz",
      "integrity": "sha512-UKV4N/r4PQQgdjrmiI5XOv+dII8OgwXQaEIUNj/vH1KtvaTwIBRwVobAWwEKPK7HLJmSwru/1a1A88TB/DtxZg==",
      "requires": {
        "voc": "1.0.0"
      }
    },
    "json-loader": {
      "version": "0.5.7",
      "resolved": "https://registry.npmjs.org/json-loader/-/json-loader-0.5.7.tgz",
      "integrity": "sha512-QLPs8Dj7lnf3e3QYS1zkCo+4ZwqOiF9d/nZnYozTISxXWCfNs9yuky5rJw4/W34s7POaNlbZmQGaB5NiXCbP4w=="
    },
    "printj": {
      "version": "1.1.1",
      "resolved": "https://registry.npmjs.org/printj/-/printj-1.1.1.tgz",
      "integrity": "sha512-92lwY69sNMFVtJz9GswmGEN8n5ClTJJzQflshyN1hBHRX5XWphhDWobIY6BaFPGbS4JGlMZJ0735zTijdpfRsA=="
    },
    "react-csv": {
      "version": "1.0.12",
      "resolved": "https://registry.npmjs.org/react-csv/-/react-csv-1.0.12.tgz",
      "integrity": "sha1-Y2CHxtVjVGPdkNahx8A4gRaWFp0="
    },
    "react-data-export": {
      "version": "0.3.2",
      "resolved": "https://registry.npmjs.org/react-data-export/-/react-data-export-0.3.2.tgz",
      "integrity": "sha512-MFH3Dw8IzsIs13J0TfuvR76WBONmd2ckBH9Z1xZScBZyaIStdIqnW/oFAgKi3BMPRKbpd74rBDkJRQNAmmZt/g==",
      "requires": {
        "file-saver": "1.3.3",
        "xlsx": "0.11.5"
      },
      "dependencies": {
        "adler-32": {
          "version": "1.1.0",
          "resolved": "https://registry.npmjs.org/adler-32/-/adler-32-1.1.0.tgz",
          "integrity": "sha1-A1UaXH8O371PyPoSpoFJeOq2UcM=",
          "requires": {
            "exit-on-epipe": "1.0.1",
            "printj": "1.1.1"
          }
        },
        "cfb": {
          "version": "0.13.2",
          "resolved": "https://registry.npmjs.org/cfb/-/cfb-0.13.2.tgz",
          "integrity": "sha512-fn3HqoRFh2qJrU6F5iJh/npunXjSO7jSWmfo9QjQAUAuFXfowWKf46QNlPuN1uZodODHEWqc5M/Tf+wuyg9juQ==",
          "requires": {
            "commander": "2.11.0",
            "printj": "1.1.1"
          }
        },
        "codepage": {
          "version": "1.11.1",
          "resolved": "https://registry.npmjs.org/codepage/-/codepage-1.11.1.tgz",
          "integrity": "sha1-hkcjl+pbLNuwe3cBalEkd6PLiCM=",
          "requires": {
            "commander": "2.11.0",
            "exit-on-epipe": "1.0.1",
            "voc": "1.0.0"
          }
        },
        "commander": {
          "version": "2.11.0",
          "resolved": "https://registry.npmjs.org/commander/-/commander-2.11.0.tgz",
          "integrity": "sha512-b0553uYA5YAEGgyYIGYROzKQ7X5RAqedkfjiZxwi0kL1g3bOaBNNZfYkzt/CL0umgD5wc9Jec2FbB98CjkMRvQ=="
        },
        "crc-32": {
          "version": "1.1.1",
          "resolved": "https://registry.npmjs.org/crc-32/-/crc-32-1.1.1.tgz",
          "integrity": "sha1-XXOdXkxuNSrYME1zIj1IP+Va240=",
          "requires": {
            "exit-on-epipe": "1.0.1",
            "printj": "1.1.1"
          }
        },
        "xlsx": {
          "version": "0.11.5",
          "resolved": "https://registry.npmjs.org/xlsx/-/xlsx-0.11.5.tgz",
          "integrity": "sha1-jGbNlxQL4HLj3TINErqgmWic63Q=",
          "requires": {
            "adler-32": "1.1.0",
            "cfb": "0.13.2",
            "codepage": "1.11.1",
            "commander": "2.11.0",
            "crc-32": "1.1.1",
            "exit-on-epipe": "1.0.1",
            "ssf": "0.10.1"
          }
        }
      }
    },
    "ssf": {
      "version": "0.10.1",
      "resolved": "https://registry.npmjs.org/ssf/-/ssf-0.10.1.tgz",
      "integrity": "sha1-8j2CtjeS71YIkInBzQyEjpEc26Y=",
      "requires": {
        "frac": "1.1.1"
      }
    },
    "voc": {
      "version": "1.0.0",
      "resolved": "https://registry.npmjs.org/voc/-/voc-1.0.0.tgz",
      "integrity": "sha512-mQwxWlK+zosxxDTqiFb9ZQBNgd794scgkhVwca7h9sEhvA52f3VzbOK+TOWeS8eSrFXnfuKrxElSPc5oLAetfw=="
    },
    "xlsx": {
      "version": "0.11.18",
      "resolved": "https://registry.npmjs.org/xlsx/-/xlsx-0.11.18.tgz",
      "integrity": "sha512-PE59VITaVU4W81k6bintXaaHS06uuyZYviX2pTOOf4XOs6efmwjDKVO8+cNKIfYOgW/p50O/fEATVg9UrIsPhQ==",
      "requires": {
        "adler-32": "1.2.0",
        "cfb": "1.0.2",
        "codepage": "1.12.0",
        "commander": "2.13.0",
        "crc-32": "1.2.0",
        "exit-on-epipe": "1.0.1",
        "ssf": "0.10.1"
      }
    }
  }
}
